// !$*UTF8*$!
{
	archiveVersion = 1;
	classes = {
	};
	objectVersion = 51;
	objects = {

/* Begin PBXBuildFile section */
		3A10A31123950CF000A4B40F /* NUMovieDetailsViewController.swift in Sources */ = {isa = PBXBuildFile; fileRef = 3A10A31023950CF000A4B40F /* NUMovieDetailsViewController.swift */; };
		3A8C588423969FDB0050C932 /* String+URL.swift in Sources */ = {isa = PBXBuildFile; fileRef = 3A8C588323969FDB0050C932 /* String+URL.swift */; };
		3A924134239292C200E84C13 /* NetworkLayer.swift in Sources */ = {isa = PBXBuildFile; fileRef = 3A924132239292C200E84C13 /* NetworkLayer.swift */; };
		3A924135239292C200E84C13 /* CodableJsonParser.swift in Sources */ = {isa = PBXBuildFile; fileRef = 3A924133239292C200E84C13 /* CodableJsonParser.swift */; };
		3A924138239294B000E84C13 /* NetworkLayerTests.swift in Sources */ = {isa = PBXBuildFile; fileRef = 3A924137239294B000E84C13 /* NetworkLayerTests.swift */; };
		3A92413B2393B4E200E84C13 /* NUMoviesDBDataWorker.swift in Sources */ = {isa = PBXBuildFile; fileRef = 3A92413A2393B4E200E84C13 /* NUMoviesDBDataWorker.swift */; };
		3A92413D2393B55300E84C13 /* NUMoviesResponse.swift in Sources */ = {isa = PBXBuildFile; fileRef = 3A92413C2393B55300E84C13 /* NUMoviesResponse.swift */; };
		3A9241412393BE3100E84C13 /* NUMoviesDBDataWorkerTests.swift in Sources */ = {isa = PBXBuildFile; fileRef = 3A9241402393BE3100E84C13 /* NUMoviesDBDataWorkerTests.swift */; };
		3ABCE9BB239665C9007C82FC /* NUAnimationsConstants.swift in Sources */ = {isa = PBXBuildFile; fileRef = 3ABCE9BA239665C9007C82FC /* NUAnimationsConstants.swift */; };
		3ABCE9BD239667D3007C82FC /* NUStringsConstants.swift in Sources */ = {isa = PBXBuildFile; fileRef = 3ABCE9BC239667D3007C82FC /* NUStringsConstants.swift */; };
		3ACF2CEB2393DB3D004FE106 /* NUMovieCell.swift in Sources */ = {isa = PBXBuildFile; fileRef = 3ACF2CEA2393DB3D004FE106 /* NUMovieCell.swift */; };
		3ACF2CEE2393DC41004FE106 /* NUHomeViewModel.swift in Sources */ = {isa = PBXBuildFile; fileRef = 3ACF2CED2393DC41004FE106 /* NUHomeViewModel.swift */; };
		3ACF2CF02393DC7D004FE106 /* NUMovieViewModel.swift in Sources */ = {isa = PBXBuildFile; fileRef = 3ACF2CEF2393DC7D004FE106 /* NUMovieViewModel.swift */; };
		3AEFFCC523928B3B0097834D /* AppDelegate.swift in Sources */ = {isa = PBXBuildFile; fileRef = 3AEFFCC423928B3B0097834D /* AppDelegate.swift */; };
		3AEFFCC723928B3B0097834D /* SceneDelegate.swift in Sources */ = {isa = PBXBuildFile; fileRef = 3AEFFCC623928B3B0097834D /* SceneDelegate.swift */; };
		3AEFFCC923928B3B0097834D /* NUHomeViewController.swift in Sources */ = {isa = PBXBuildFile; fileRef = 3AEFFCC823928B3B0097834D /* NUHomeViewController.swift */; };
		3AEFFCCC23928B3B0097834D /* Main.storyboard in Resources */ = {isa = PBXBuildFile; fileRef = 3AEFFCCA23928B3B0097834D /* Main.storyboard */; };
		3AEFFCCE23928B3C0097834D /* Assets.xcassets in Resources */ = {isa = PBXBuildFile; fileRef = 3AEFFCCD23928B3C0097834D /* Assets.xcassets */; };
		3AEFFCD123928B3C0097834D /* LaunchScreen.storyboard in Resources */ = {isa = PBXBuildFile; fileRef = 3AEFFCCF23928B3C0097834D /* LaunchScreen.storyboard */; };
		3AEFFCDC23928B3C0097834D /* NEUGELBTaskTests.swift in Sources */ = {isa = PBXBuildFile; fileRef = 3AEFFCDB23928B3C0097834D /* NEUGELBTaskTests.swift */; };
		3D1325482975FEFC38028D7B /* Pods_NEUGELBTaskTests.framework in Frameworks */ = {isa = PBXBuildFile; fileRef = D68427BF80A52162921929BB /* Pods_NEUGELBTaskTests.framework */; };
		476528E1AF735F07B8A28534 /* Pods_NEUGELBTask.framework in Frameworks */ = {isa = PBXBuildFile; fileRef = AA99E38CCA2D6735AB3AD9F7 /* Pods_NEUGELBTask.framework */; };
/* End PBXBuildFile section */

/* Begin PBXContainerItemProxy section */
		3AEFFCD823928B3C0097834D /* PBXContainerItemProxy */ = {
			isa = PBXContainerItemProxy;
			containerPortal = 3AEFFCB923928B3A0097834D /* Project object */;
			proxyType = 1;
			remoteGlobalIDString = 3AEFFCC023928B3A0097834D;
			remoteInfo = NEUGELBTask;
		};
/* End PBXContainerItemProxy section */

/* Begin PBXFileReference section */
		3A10A31023950CF000A4B40F /* NUMovieDetailsViewController.swift */ = {isa = PBXFileReference; lastKnownFileType = sourcecode.swift; path = NUMovieDetailsViewController.swift; sourceTree = "<group>"; };
		3A8C588323969FDB0050C932 /* String+URL.swift */ = {isa = PBXFileReference; lastKnownFileType = sourcecode.swift; path = "String+URL.swift"; sourceTree = "<group>"; };
		3A924132239292C200E84C13 /* NetworkLayer.swift */ = {isa = PBXFileReference; fileEncoding = 4; lastKnownFileType = sourcecode.swift; path = NetworkLayer.swift; sourceTree = "<group>"; };
		3A924133239292C200E84C13 /* CodableJsonParser.swift */ = {isa = PBXFileReference; fileEncoding = 4; lastKnownFileType = sourcecode.swift; path = CodableJsonParser.swift; sourceTree = "<group>"; };
		3A924137239294B000E84C13 /* NetworkLayerTests.swift */ = {isa = PBXFileReference; fileEncoding = 4; lastKnownFileType = sourcecode.swift; path = NetworkLayerTests.swift; sourceTree = "<group>"; };
		3A92413A2393B4E200E84C13 /* NUMoviesDBDataWorker.swift */ = {isa = PBXFileReference; lastKnownFileType = sourcecode.swift; path = NUMoviesDBDataWorker.swift; sourceTree = "<group>"; };
		3A92413C2393B55300E84C13 /* NUMoviesResponse.swift */ = {isa = PBXFileReference; lastKnownFileType = sourcecode.swift; path = NUMoviesResponse.swift; sourceTree = "<group>"; };
		3A9241402393BE3100E84C13 /* NUMoviesDBDataWorkerTests.swift */ = {isa = PBXFileReference; lastKnownFileType = sourcecode.swift; path = NUMoviesDBDataWorkerTests.swift; sourceTree = "<group>"; };
		3ABCE9BA239665C9007C82FC /* NUAnimationsConstants.swift */ = {isa = PBXFileReference; lastKnownFileType = sourcecode.swift; path = NUAnimationsConstants.swift; sourceTree = "<group>"; };
		3ABCE9BC239667D3007C82FC /* NUStringsConstants.swift */ = {isa = PBXFileReference; lastKnownFileType = sourcecode.swift; path = NUStringsConstants.swift; sourceTree = "<group>"; };
		3ACF2CEA2393DB3D004FE106 /* NUMovieCell.swift */ = {isa = PBXFileReference; lastKnownFileType = sourcecode.swift; path = NUMovieCell.swift; sourceTree = "<group>"; };
		3ACF2CED2393DC41004FE106 /* NUHomeViewModel.swift */ = {isa = PBXFileReference; lastKnownFileType = sourcecode.swift; path = NUHomeViewModel.swift; sourceTree = "<group>"; };
		3ACF2CEF2393DC7D004FE106 /* NUMovieViewModel.swift */ = {isa = PBXFileReference; lastKnownFileType = sourcecode.swift; path = NUMovieViewModel.swift; sourceTree = "<group>"; };
		3AEFFCC123928B3A0097834D /* NEUGELBTask.app */ = {isa = PBXFileReference; explicitFileType = wrapper.application; includeInIndex = 0; path = NEUGELBTask.app; sourceTree = BUILT_PRODUCTS_DIR; };
		3AEFFCC423928B3B0097834D /* AppDelegate.swift */ = {isa = PBXFileReference; lastKnownFileType = sourcecode.swift; path = AppDelegate.swift; sourceTree = "<group>"; };
		3AEFFCC623928B3B0097834D /* SceneDelegate.swift */ = {isa = PBXFileReference; lastKnownFileType = sourcecode.swift; path = SceneDelegate.swift; sourceTree = "<group>"; };
		3AEFFCC823928B3B0097834D /* NUHomeViewController.swift */ = {isa = PBXFileReference; lastKnownFileType = sourcecode.swift; path = NUHomeViewController.swift; sourceTree = "<group>"; };
		3AEFFCCB23928B3B0097834D /* Base */ = {isa = PBXFileReference; lastKnownFileType = file.storyboard; name = Base; path = Base.lproj/Main.storyboard; sourceTree = "<group>"; };
		3AEFFCCD23928B3C0097834D /* Assets.xcassets */ = {isa = PBXFileReference; lastKnownFileType = folder.assetcatalog; path = Assets.xcassets; sourceTree = "<group>"; };
		3AEFFCD023928B3C0097834D /* Base */ = {isa = PBXFileReference; lastKnownFileType = file.storyboard; name = Base; path = Base.lproj/LaunchScreen.storyboard; sourceTree = "<group>"; };
		3AEFFCD223928B3C0097834D /* Info.plist */ = {isa = PBXFileReference; lastKnownFileType = text.plist.xml; path = Info.plist; sourceTree = "<group>"; };
		3AEFFCD723928B3C0097834D /* NEUGELBTaskTests.xctest */ = {isa = PBXFileReference; explicitFileType = wrapper.cfbundle; includeInIndex = 0; path = NEUGELBTaskTests.xctest; sourceTree = BUILT_PRODUCTS_DIR; };
		3AEFFCDB23928B3C0097834D /* NEUGELBTaskTests.swift */ = {isa = PBXFileReference; lastKnownFileType = sourcecode.swift; path = NEUGELBTaskTests.swift; sourceTree = "<group>"; };
		3AEFFCDD23928B3C0097834D /* Info.plist */ = {isa = PBXFileReference; lastKnownFileType = text.plist.xml; path = Info.plist; sourceTree = "<group>"; };
		41DE2CA7F09D670D8501F549 /* Pods-NEUGELBTask.debug.xcconfig */ = {isa = PBXFileReference; includeInIndex = 1; lastKnownFileType = text.xcconfig; name = "Pods-NEUGELBTask.debug.xcconfig"; path = "Target Support Files/Pods-NEUGELBTask/Pods-NEUGELBTask.debug.xcconfig"; sourceTree = "<group>"; };
		5A0E8110629C906C1E12ED07 /* Pods-NEUGELBTaskTests.debug.xcconfig */ = {isa = PBXFileReference; includeInIndex = 1; lastKnownFileType = text.xcconfig; name = "Pods-NEUGELBTaskTests.debug.xcconfig"; path = "Target Support Files/Pods-NEUGELBTaskTests/Pods-NEUGELBTaskTests.debug.xcconfig"; sourceTree = "<group>"; };
		623B58883B86293F6016CC20 /* Pods-NEUGELBTask.release.xcconfig */ = {isa = PBXFileReference; includeInIndex = 1; lastKnownFileType = text.xcconfig; name = "Pods-NEUGELBTask.release.xcconfig"; path = "Target Support Files/Pods-NEUGELBTask/Pods-NEUGELBTask.release.xcconfig"; sourceTree = "<group>"; };
		AA99E38CCA2D6735AB3AD9F7 /* Pods_NEUGELBTask.framework */ = {isa = PBXFileReference; explicitFileType = wrapper.framework; includeInIndex = 0; path = Pods_NEUGELBTask.framework; sourceTree = BUILT_PRODUCTS_DIR; };
		B9746E99B6A98DA1A94A20A7 /* Pods-NEUGELBTaskTests.release.xcconfig */ = {isa = PBXFileReference; includeInIndex = 1; lastKnownFileType = text.xcconfig; name = "Pods-NEUGELBTaskTests.release.xcconfig"; path = "Target Support Files/Pods-NEUGELBTaskTests/Pods-NEUGELBTaskTests.release.xcconfig"; sourceTree = "<group>"; };
		D68427BF80A52162921929BB /* Pods_NEUGELBTaskTests.framework */ = {isa = PBXFileReference; explicitFileType = wrapper.framework; includeInIndex = 0; path = Pods_NEUGELBTaskTests.framework; sourceTree = BUILT_PRODUCTS_DIR; };
/* End PBXFileReference section */

/* Begin PBXFrameworksBuildPhase section */
		3AEFFCBE23928B3A0097834D /* Frameworks */ = {
			isa = PBXFrameworksBuildPhase;
			buildActionMask = 2147483647;
			files = (
				476528E1AF735F07B8A28534 /* Pods_NEUGELBTask.framework in Frameworks */,
			);
			runOnlyForDeploymentPostprocessing = 0;
		};
		3AEFFCD423928B3C0097834D /* Frameworks */ = {
			isa = PBXFrameworksBuildPhase;
			buildActionMask = 2147483647;
			files = (
				3D1325482975FEFC38028D7B /* Pods_NEUGELBTaskTests.framework in Frameworks */,
			);
			runOnlyForDeploymentPostprocessing = 0;
		};
/* End PBXFrameworksBuildPhase section */

/* Begin PBXGroup section */
		3522B1DBA2C2D306CB0DA23C /* Frameworks */ = {
			isa = PBXGroup;
			children = (
				AA99E38CCA2D6735AB3AD9F7 /* Pods_NEUGELBTask.framework */,
				D68427BF80A52162921929BB /* Pods_NEUGELBTaskTests.framework */,
			);
			name = Frameworks;
			sourceTree = "<group>";
		};
		3A10A30F23950CD700A4B40F /* Details */ = {
			isa = PBXGroup;
			children = (
				3A10A31023950CF000A4B40F /* NUMovieDetailsViewController.swift */,
			);
			path = Details;
			sourceTree = "<group>";
		};
		3A8C588223969FC80050C932 /* extensions */ = {
			isa = PBXGroup;
			children = (
				3A8C588323969FDB0050C932 /* String+URL.swift */,
			);
			path = extensions;
			sourceTree = "<group>";
		};
		3A924131239292C200E84C13 /* Network */ = {
			isa = PBXGroup;
			children = (
				3A924132239292C200E84C13 /* NetworkLayer.swift */,
				3A924133239292C200E84C13 /* CodableJsonParser.swift */,
			);
			path = Network;
			sourceTree = "<group>";
		};
		3A9241362392949D00E84C13 /* Network */ = {
			isa = PBXGroup;
			children = (
				3A924137239294B000E84C13 /* NetworkLayerTests.swift */,
			);
			path = Network;
			sourceTree = "<group>";
		};
		3A9241392393B4C000E84C13 /* Workers */ = {
			isa = PBXGroup;
			children = (
				3A92413A2393B4E200E84C13 /* NUMoviesDBDataWorker.swift */,
				3A92413C2393B55300E84C13 /* NUMoviesResponse.swift */,
			);
			path = Workers;
			sourceTree = "<group>";
		};
		3A92413F2393BE2200E84C13 /* MoviesDB Worker */ = {
			isa = PBXGroup;
			children = (
				3A9241402393BE3100E84C13 /* NUMoviesDBDataWorkerTests.swift */,
			);
			path = "MoviesDB Worker";
			sourceTree = "<group>";
		};
		3A9241422393D05B00E84C13 /* View Controllers */ = {
			isa = PBXGroup;
			children = (
				3A10A30F23950CD700A4B40F /* Details */,
				3ACF2CE92393DAFE004FE106 /* Home */,
			);
			path = "View Controllers";
			sourceTree = "<group>";
		};
		3A9241432393D06200E84C13 /* Storyboards */ = {
			isa = PBXGroup;
			children = (
				3AEFFCCF23928B3C0097834D /* LaunchScreen.storyboard */,
				3AEFFCCA23928B3B0097834D /* Main.storyboard */,
			);
			path = Storyboards;
			sourceTree = "<group>";
		};
		3ABCE9BE23966C79007C82FC /* Constants */ = {
			isa = PBXGroup;
			children = (
				3ABCE9BA239665C9007C82FC /* NUAnimationsConstants.swift */,
				3ABCE9BC239667D3007C82FC /* NUStringsConstants.swift */,
			);
			path = Constants;
			sourceTree = "<group>";
		};
		3ACF2CE82393DAF7004FE106 /* Cells */ = {
			isa = PBXGroup;
			children = (
				3ACF2CEA2393DB3D004FE106 /* NUMovieCell.swift */,
			);
			path = Cells;
			sourceTree = "<group>";
		};
		3ACF2CE92393DAFE004FE106 /* Home */ = {
			isa = PBXGroup;
			children = (
				3ACF2CEC2393DC30004FE106 /* ViewModel */,
				3ACF2CE82393DAF7004FE106 /* Cells */,
				3AEFFCC823928B3B0097834D /* NUHomeViewController.swift */,
			);
			path = Home;
			sourceTree = "<group>";
		};
		3ACF2CEC2393DC30004FE106 /* ViewModel */ = {
			isa = PBXGroup;
			children = (
				3ACF2CED2393DC41004FE106 /* NUHomeViewModel.swift */,
				3ACF2CEF2393DC7D004FE106 /* NUMovieViewModel.swift */,
			);
			path = ViewModel;
			sourceTree = "<group>";
		};
		3AEFFCB823928B3A0097834D = {
			isa = PBXGroup;
			children = (
				3AEFFCC323928B3A0097834D /* NEUGELBTask */,
				3AEFFCDA23928B3C0097834D /* NEUGELBTaskTests */,
				3AEFFCC223928B3A0097834D /* Products */,
				E588FEE2D2F45C9DBA6C8DB7 /* Pods */,
				3522B1DBA2C2D306CB0DA23C /* Frameworks */,
			);
			sourceTree = "<group>";
		};
		3AEFFCC223928B3A0097834D /* Products */ = {
			isa = PBXGroup;
			children = (
				3AEFFCC123928B3A0097834D /* NEUGELBTask.app */,
				3AEFFCD723928B3C0097834D /* NEUGELBTaskTests.xctest */,
			);
			name = Products;
			sourceTree = "<group>";
		};
		3AEFFCC323928B3A0097834D /* NEUGELBTask */ = {
			isa = PBXGroup;
			children = (
				3A8C588223969FC80050C932 /* extensions */,
				3ABCE9BE23966C79007C82FC /* Constants */,
				3A9241432393D06200E84C13 /* Storyboards */,
				3A9241422393D05B00E84C13 /* View Controllers */,
				3A9241392393B4C000E84C13 /* Workers */,
				3A924131239292C200E84C13 /* Network */,
				3AEFFCC423928B3B0097834D /* AppDelegate.swift */,
				3AEFFCC623928B3B0097834D /* SceneDelegate.swift */,
				3AEFFCCD23928B3C0097834D /* Assets.xcassets */,
				3AEFFCD223928B3C0097834D /* Info.plist */,
			);
			path = NEUGELBTask;
			sourceTree = "<group>";
		};
		3AEFFCDA23928B3C0097834D /* NEUGELBTaskTests */ = {
			isa = PBXGroup;
			children = (
				3A92413F2393BE2200E84C13 /* MoviesDB Worker */,
				3A9241362392949D00E84C13 /* Network */,
				3AEFFCDB23928B3C0097834D /* NEUGELBTaskTests.swift */,
				3AEFFCDD23928B3C0097834D /* Info.plist */,
			);
			path = NEUGELBTaskTests;
			sourceTree = "<group>";
		};
		E588FEE2D2F45C9DBA6C8DB7 /* Pods */ = {
			isa = PBXGroup;
			children = (
				41DE2CA7F09D670D8501F549 /* Pods-NEUGELBTask.debug.xcconfig */,
				623B58883B86293F6016CC20 /* Pods-NEUGELBTask.release.xcconfig */,
				5A0E8110629C906C1E12ED07 /* Pods-NEUGELBTaskTests.debug.xcconfig */,
				B9746E99B6A98DA1A94A20A7 /* Pods-NEUGELBTaskTests.release.xcconfig */,
			);
			path = Pods;
			sourceTree = "<group>";
		};
/* End PBXGroup section */

/* Begin PBXNativeTarget section */
		3AEFFCC023928B3A0097834D /* NEUGELBTask */ = {
			isa = PBXNativeTarget;
			buildConfigurationList = 3AEFFCE023928B3C0097834D /* Build configuration list for PBXNativeTarget "NEUGELBTask" */;
			buildPhases = (
				5615C765EC7D34E7A12B5F73 /* [CP] Check Pods Manifest.lock */,
				3AEFFCBD23928B3A0097834D /* Sources */,
				3AEFFCBE23928B3A0097834D /* Frameworks */,
				3AEFFCBF23928B3A0097834D /* Resources */,
				C4CE6230CC6B02E09E8AC467 /* [CP] Embed Pods Frameworks */,
			);
			buildRules = (
			);
			dependencies = (
			);
			name = NEUGELBTask;
			productName = NEUGELBTask;
			productReference = 3AEFFCC123928B3A0097834D /* NEUGELBTask.app */;
			productType = "com.apple.product-type.application";
		};
		3AEFFCD623928B3C0097834D /* NEUGELBTaskTests */ = {
			isa = PBXNativeTarget;
			buildConfigurationList = 3AEFFCE323928B3C0097834D /* Build configuration list for PBXNativeTarget "NEUGELBTaskTests" */;
			buildPhases = (
				7064D3CA936FF34A976FBAA6 /* [CP] Check Pods Manifest.lock */,
				3AEFFCD323928B3C0097834D /* Sources */,
				3AEFFCD423928B3C0097834D /* Frameworks */,
				3AEFFCD523928B3C0097834D /* Resources */,
			);
			buildRules = (
			);
			dependencies = (
				3AEFFCD923928B3C0097834D /* PBXTargetDependency */,
			);
			name = NEUGELBTaskTests;
			productName = NEUGELBTaskTests;
			productReference = 3AEFFCD723928B3C0097834D /* NEUGELBTaskTests.xctest */;
			productType = "com.apple.product-type.bundle.unit-test";
		};
/* End PBXNativeTarget section */

/* Begin PBXProject section */
		3AEFFCB923928B3A0097834D /* Project object */ = {
			isa = PBXProject;
			attributes = {
				LastSwiftUpdateCheck = 1120;
				LastUpgradeCheck = 1120;
				ORGANIZATIONNAME = NEUGELB;
				TargetAttributes = {
					3AEFFCC023928B3A0097834D = {
						CreatedOnToolsVersion = 11.2.1;
					};
					3AEFFCD623928B3C0097834D = {
						CreatedOnToolsVersion = 11.2.1;
						TestTargetID = 3AEFFCC023928B3A0097834D;
					};
				};
			};
			buildConfigurationList = 3AEFFCBC23928B3A0097834D /* Build configuration list for PBXProject "NEUGELBTask" */;
			compatibilityVersion = "Xcode 9.3";
			developmentRegion = en;
			hasScannedForEncodings = 0;
			knownRegions = (
				en,
				Base,
			);
			mainGroup = 3AEFFCB823928B3A0097834D;
			productRefGroup = 3AEFFCC223928B3A0097834D /* Products */;
			projectDirPath = "";
			projectRoot = "";
			targets = (
				3AEFFCC023928B3A0097834D /* NEUGELBTask */,
				3AEFFCD623928B3C0097834D /* NEUGELBTaskTests */,
			);
		};
/* End PBXProject section */

/* Begin PBXResourcesBuildPhase section */
		3AEFFCBF23928B3A0097834D /* Resources */ = {
			isa = PBXResourcesBuildPhase;
			buildActionMask = 2147483647;
			files = (
				3AEFFCD123928B3C0097834D /* LaunchScreen.storyboard in Resources */,
				3AEFFCCE23928B3C0097834D /* Assets.xcassets in Resources */,
				3AEFFCCC23928B3B0097834D /* Main.storyboard in Resources */,
			);
			runOnlyForDeploymentPostprocessing = 0;
		};
		3AEFFCD523928B3C0097834D /* Resources */ = {
			isa = PBXResourcesBuildPhase;
			buildActionMask = 2147483647;
			files = (
			);
			runOnlyForDeploymentPostprocessing = 0;
		};
/* End PBXResourcesBuildPhase section */

/* Begin PBXShellScriptBuildPhase section */
		5615C765EC7D34E7A12B5F73 /* [CP] Check Pods Manifest.lock */ = {
			isa = PBXShellScriptBuildPhase;
			buildActionMask = 2147483647;
			files = (
			);
			inputFileListPaths = (
			);
			inputPaths = (
				"${PODS_PODFILE_DIR_PATH}/Podfile.lock",
				"${PODS_ROOT}/Manifest.lock",
			);
			name = "[CP] Check Pods Manifest.lock";
			outputFileListPaths = (
			);
			outputPaths = (
				"$(DERIVED_FILE_DIR)/Pods-NEUGELBTask-checkManifestLockResult.txt",
			);
			runOnlyForDeploymentPostprocessing = 0;
			shellPath = /bin/sh;
			shellScript = "diff \"${PODS_PODFILE_DIR_PATH}/Podfile.lock\" \"${PODS_ROOT}/Manifest.lock\" > /dev/null\nif [ $? != 0 ] ; then\n    # print error to STDERR\n    echo \"error: The sandbox is not in sync with the Podfile.lock. Run 'pod install' or update your CocoaPods installation.\" >&2\n    exit 1\nfi\n# This output is used by Xcode 'outputs' to avoid re-running this script phase.\necho \"SUCCESS\" > \"${SCRIPT_OUTPUT_FILE_0}\"\n";
			showEnvVarsInLog = 0;
		};
		7064D3CA936FF34A976FBAA6 /* [CP] Check Pods Manifest.lock */ = {
			isa = PBXShellScriptBuildPhase;
			buildActionMask = 2147483647;
			files = (
			);
			inputFileListPaths = (
			);
			inputPaths = (
				"${PODS_PODFILE_DIR_PATH}/Podfile.lock",
				"${PODS_ROOT}/Manifest.lock",
			);
			name = "[CP] Check Pods Manifest.lock";
			outputFileListPaths = (
			);
			outputPaths = (
				"$(DERIVED_FILE_DIR)/Pods-NEUGELBTaskTests-checkManifestLockResult.txt",
			);
			runOnlyForDeploymentPostprocessing = 0;
			shellPath = /bin/sh;
			shellScript = "diff \"${PODS_PODFILE_DIR_PATH}/Podfile.lock\" \"${PODS_ROOT}/Manifest.lock\" > /dev/null\nif [ $? != 0 ] ; then\n    # print error to STDERR\n    echo \"error: The sandbox is not in sync with the Podfile.lock. Run 'pod install' or update your CocoaPods installation.\" >&2\n    exit 1\nfi\n# This output is used by Xcode 'outputs' to avoid re-running this script phase.\necho \"SUCCESS\" > \"${SCRIPT_OUTPUT_FILE_0}\"\n";
			showEnvVarsInLog = 0;
		};
		C4CE6230CC6B02E09E8AC467 /* [CP] Embed Pods Frameworks */ = {
			isa = PBXShellScriptBuildPhase;
			buildActionMask = 2147483647;
			files = (
			);
			inputFileListPaths = (
				"${PODS_ROOT}/Target Support Files/Pods-NEUGELBTask/Pods-NEUGELBTask-frameworks-${CONFIGURATION}-input-files.xcfilelist",
			);
			name = "[CP] Embed Pods Frameworks";
			outputFileListPaths = (
				"${PODS_ROOT}/Target Support Files/Pods-NEUGELBTask/Pods-NEUGELBTask-frameworks-${CONFIGURATION}-output-files.xcfilelist",
			);
			runOnlyForDeploymentPostprocessing = 0;
			shellPath = /bin/sh;
			shellScript = "\"${PODS_ROOT}/Target Support Files/Pods-NEUGELBTask/Pods-NEUGELBTask-frameworks.sh\"\n";
			showEnvVarsInLog = 0;
		};
/* End PBXShellScriptBuildPhase section */

/* Begin PBXSourcesBuildPhase section */
		3AEFFCBD23928B3A0097834D /* Sources */ = {
			isa = PBXSourcesBuildPhase;
			buildActionMask = 2147483647;
			files = (
				3A92413D2393B55300E84C13 /* NUMoviesResponse.swift in Sources */,
				3ABCE9BB239665C9007C82FC /* NUAnimationsConstants.swift in Sources */,
				3A924134239292C200E84C13 /* NetworkLayer.swift in Sources */,
				3ACF2CF02393DC7D004FE106 /* NUMovieViewModel.swift in Sources */,
				3ABCE9BD239667D3007C82FC /* NUStringsConstants.swift in Sources */,
				3A10A31123950CF000A4B40F /* NUMovieDetailsViewController.swift in Sources */,
				3AEFFCC923928B3B0097834D /* NUHomeViewController.swift in Sources */,
				3AEFFCC523928B3B0097834D /* AppDelegate.swift in Sources */,
				3A924135239292C200E84C13 /* CodableJsonParser.swift in Sources */,
				3AEFFCC723928B3B0097834D /* SceneDelegate.swift in Sources */,
				3A92413B2393B4E200E84C13 /* NUMoviesDBDataWorker.swift in Sources */,
				3ACF2CEB2393DB3D004FE106 /* NUMovieCell.swift in Sources */,
				3A8C588423969FDB0050C932 /* String+URL.swift in Sources */,
				3ACF2CEE2393DC41004FE106 /* NUHomeViewModel.swift in Sources */,
			);
			runOnlyForDeploymentPostprocessing = 0;
		};
		3AEFFCD323928B3C0097834D /* Sources */ = {
			isa = PBXSourcesBuildPhase;
			buildActionMask = 2147483647;
			files = (
				3A924138239294B000E84C13 /* NetworkLayerTests.swift in Sources */,
				3AEFFCDC23928B3C0097834D /* NEUGELBTaskTests.swift in Sources */,
				3A9241412393BE3100E84C13 /* NUMoviesDBDataWorkerTests.swift in Sources */,
			);
			runOnlyForDeploymentPostprocessing = 0;
		};
/* End PBXSourcesBuildPhase section */

/* Begin PBXTargetDependency section */
		3AEFFCD923928B3C0097834D /* PBXTargetDependency */ = {
			isa = PBXTargetDependency;
			target = 3AEFFCC023928B3A0097834D /* NEUGELBTask */;
			targetProxy = 3AEFFCD823928B3C0097834D /* PBXContainerItemProxy */;
		};
/* End PBXTargetDependency section */

/* Begin PBXVariantGroup section */
		3AEFFCCA23928B3B0097834D /* Main.storyboard */ = {
			isa = PBXVariantGroup;
			children = (
				3AEFFCCB23928B3B0097834D /* Base */,
			);
			name = Main.storyboard;
			sourceTree = "<group>";
		};
		3AEFFCCF23928B3C0097834D /* LaunchScreen.storyboard */ = {
			isa = PBXVariantGroup;
			children = (
				3AEFFCD023928B3C0097834D /* Base */,
			);
			name = LaunchScreen.storyboard;
			sourceTree = "<group>";
		};
/* End PBXVariantGroup section */

/* Begin XCBuildConfiguration section */
		3AEFFCDE23928B3C0097834D /* Debug */ = {
			isa = XCBuildConfiguration;
			buildSettings = {
				ALWAYS_SEARCH_USER_PATHS = NO;
				CLANG_ANALYZER_NONNULL = YES;
				CLANG_ANALYZER_NUMBER_OBJECT_CONVERSION = YES_AGGRESSIVE;
				CLANG_CXX_LANGUAGE_STANDARD = "gnu++14";
				CLANG_CXX_LIBRARY = "libc++";
				CLANG_ENABLE_MODULES = YES;
				CLANG_ENABLE_OBJC_ARC = YES;
				CLANG_ENABLE_OBJC_WEAK = YES;
				CLANG_WARN_BLOCK_CAPTURE_AUTORELEASING = YES;
				CLANG_WARN_BOOL_CONVERSION = YES;
				CLANG_WARN_COMMA = YES;
				CLANG_WARN_CONSTANT_CONVERSION = YES;
				CLANG_WARN_DEPRECATED_OBJC_IMPLEMENTATIONS = YES;
				CLANG_WARN_DIRECT_OBJC_ISA_USAGE = YES_ERROR;
				CLANG_WARN_DOCUMENTATION_COMMENTS = YES;
				CLANG_WARN_EMPTY_BODY = YES;
				CLANG_WARN_ENUM_CONVERSION = YES;
				CLANG_WARN_INFINITE_RECURSION = YES;
				CLANG_WARN_INT_CONVERSION = YES;
				CLANG_WARN_NON_LITERAL_NULL_CONVERSION = YES;
				CLANG_WARN_OBJC_IMPLICIT_RETAIN_SELF = YES;
				CLANG_WARN_OBJC_LITERAL_CONVERSION = YES;
				CLANG_WARN_OBJC_ROOT_CLASS = YES_ERROR;
				CLANG_WARN_RANGE_LOOP_ANALYSIS = YES;
				CLANG_WARN_STRICT_PROTOTYPES = YES;
				CLANG_WARN_SUSPICIOUS_MOVE = YES;
				CLANG_WARN_UNGUARDED_AVAILABILITY = YES_AGGRESSIVE;
				CLANG_WARN_UNREACHABLE_CODE = YES;
				CLANG_WARN__DUPLICATE_METHOD_MATCH = YES;
				COPY_PHASE_STRIP = NO;
				DEBUG_INFORMATION_FORMAT = dwarf;
				ENABLE_STRICT_OBJC_MSGSEND = YES;
				ENABLE_TESTABILITY = YES;
				GCC_C_LANGUAGE_STANDARD = gnu11;
				GCC_DYNAMIC_NO_PIC = NO;
				GCC_NO_COMMON_BLOCKS = YES;
				GCC_OPTIMIZATION_LEVEL = 0;
				GCC_PREPROCESSOR_DEFINITIONS = (
					"DEBUG=1",
					"$(inherited)",
				);
				GCC_WARN_64_TO_32_BIT_CONVERSION = YES;
				GCC_WARN_ABOUT_RETURN_TYPE = YES_ERROR;
				GCC_WARN_UNDECLARED_SELECTOR = YES;
				GCC_WARN_UNINITIALIZED_AUTOS = YES_AGGRESSIVE;
				GCC_WARN_UNUSED_FUNCTION = YES;
				GCC_WARN_UNUSED_VARIABLE = YES;
				IPHONEOS_DEPLOYMENT_TARGET = 13.2;
				MTL_ENABLE_DEBUG_INFO = INCLUDE_SOURCE;
				MTL_FAST_MATH = YES;
				ONLY_ACTIVE_ARCH = YES;
				SDKROOT = iphoneos;
				SWIFT_ACTIVE_COMPILATION_CONDITIONS = DEBUG;
				SWIFT_OPTIMIZATION_LEVEL = "-Onone";
			};
			name = Debug;
		};
		3AEFFCDF23928B3C0097834D /* Release */ = {
			isa = XCBuildConfiguration;
			buildSettings = {
				ALWAYS_SEARCH_USER_PATHS = NO;
				CLANG_ANALYZER_NONNULL = YES;
				CLANG_ANALYZER_NUMBER_OBJECT_CONVERSION = YES_AGGRESSIVE;
				CLANG_CXX_LANGUAGE_STANDARD = "gnu++14";
				CLANG_CXX_LIBRARY = "libc++";
				CLANG_ENABLE_MODULES = YES;
				CLANG_ENABLE_OBJC_ARC = YES;
				CLANG_ENABLE_OBJC_WEAK = YES;
				CLANG_WARN_BLOCK_CAPTURE_AUTORELEASING = YES;
				CLANG_WARN_BOOL_CONVERSION = YES;
				CLANG_WARN_COMMA = YES;
				CLANG_WARN_CONSTANT_CONVERSION = YES;
				CLANG_WARN_DEPRECATED_OBJC_IMPLEMENTATIONS = YES;
				CLANG_WARN_DIRECT_OBJC_ISA_USAGE = YES_ERROR;
				CLANG_WARN_DOCUMENTATION_COMMENTS = YES;
				CLANG_WARN_EMPTY_BODY = YES;
				CLANG_WARN_ENUM_CONVERSION = YES;
				CLANG_WARN_INFINITE_RECURSION = YES;
				CLANG_WARN_INT_CONVERSION = YES;
				CLANG_WARN_NON_LITERAL_NULL_CONVERSION = YES;
				CLANG_WARN_OBJC_IMPLICIT_RETAIN_SELF = YES;
				CLANG_WARN_OBJC_LITERAL_CONVERSION = YES;
				CLANG_WARN_OBJC_ROOT_CLASS = YES_ERROR;
				CLANG_WARN_RANGE_LOOP_ANALYSIS = YES;
				CLANG_WARN_STRICT_PROTOTYPES = YES;
				CLANG_WARN_SUSPICIOUS_MOVE = YES;
				CLANG_WARN_UNGUARDED_AVAILABILITY = YES_AGGRESSIVE;
				CLANG_WARN_UNREACHABLE_CODE = YES;
				CLANG_WARN__DUPLICATE_METHOD_MATCH = YES;
				COPY_PHASE_STRIP = NO;
				DEBUG_INFORMATION_FORMAT = "dwarf-with-dsym";
				ENABLE_NS_ASSERTIONS = NO;
				ENABLE_STRICT_OBJC_MSGSEND = YES;
				GCC_C_LANGUAGE_STANDARD = gnu11;
				GCC_NO_COMMON_BLOCKS = YES;
				GCC_WARN_64_TO_32_BIT_CONVERSION = YES;
				GCC_WARN_ABOUT_RETURN_TYPE = YES_ERROR;
				GCC_WARN_UNDECLARED_SELECTOR = YES;
				GCC_WARN_UNINITIALIZED_AUTOS = YES_AGGRESSIVE;
				GCC_WARN_UNUSED_FUNCTION = YES;
				GCC_WARN_UNUSED_VARIABLE = YES;
				IPHONEOS_DEPLOYMENT_TARGET = 13.2;
				MTL_ENABLE_DEBUG_INFO = NO;
				MTL_FAST_MATH = YES;
				SDKROOT = iphoneos;
				SWIFT_COMPILATION_MODE = wholemodule;
				SWIFT_OPTIMIZATION_LEVEL = "-O";
				VALIDATE_PRODUCT = YES;
			};
			name = Release;
		};
		3AEFFCE123928B3C0097834D /* Debug */ = {
			isa = XCBuildConfiguration;
			baseConfigurationReference = 41DE2CA7F09D670D8501F549 /* Pods-NEUGELBTask.debug.xcconfig */;
			buildSettings = {
				ASSETCATALOG_COMPILER_APPICON_NAME = AppIcon;
				CODE_SIGN_STYLE = Automatic;
				DEVELOPMENT_TEAM = T5NW8Y83FV;
				INFOPLIST_FILE = NEUGELBTask/Info.plist;
				LD_RUNPATH_SEARCH_PATHS = (
					"$(inherited)",
					"@executable_path/Frameworks",
				);
				PRODUCT_BUNDLE_IDENTIFIER = NEUGELB.NEUGELBTask;
				PRODUCT_NAME = "$(TARGET_NAME)";
				SWIFT_VERSION = 5.0;
				TARGETED_DEVICE_FAMILY = "1,2";
			};
			name = Debug;
		};
		3AEFFCE223928B3C0097834D /* Release */ = {
			isa = XCBuildConfiguration;
			baseConfigurationReference = 623B58883B86293F6016CC20 /* Pods-NEUGELBTask.release.xcconfig */;
			buildSettings = {
				ASSETCATALOG_COMPILER_APPICON_NAME = AppIcon;
				CODE_SIGN_STYLE = Automatic;
				DEVELOPMENT_TEAM = T5NW8Y83FV;
				INFOPLIST_FILE = NEUGELBTask/Info.plist;
				LD_RUNPATH_SEARCH_PATHS = (
					"$(inherited)",
					"@executable_path/Frameworks",
				);
				PRODUCT_BUNDLE_IDENTIFIER = NEUGELB.NEUGELBTask;
				PRODUCT_NAME = "$(TARGET_NAME)";
				SWIFT_VERSION = 5.0;
				TARGETED_DEVICE_FAMILY = "1,2";
			};
			name = Release;
		};
		3AEFFCE423928B3C0097834D /* Debug */ = {
			isa = XCBuildConfiguration;
			baseConfigurationReference = 5A0E8110629C906C1E12ED07 /* Pods-NEUGELBTaskTests.debug.xcconfig */;
			buildSettings = {
				ALWAYS_EMBED_SWIFT_STANDARD_LIBRARIES = YES;
				BUNDLE_LOADER = "$(TEST_HOST)";
				CODE_SIGN_STYLE = Automatic;
				DEVELOPMENT_TEAM = T5NW8Y83FV;
				INFOPLIST_FILE = NEUGELBTaskTests/Info.plist;
				IPHONEOS_DEPLOYMENT_TARGET = 13.2;
				LD_RUNPATH_SEARCH_PATHS = (
					"$(inherited)",
					"@executable_path/Frameworks",
					"@loader_path/Frameworks",
				);
				PRODUCT_BUNDLE_IDENTIFIER = NEUGELB.NEUGELBTaskTests;
				PRODUCT_NAME = "$(TARGET_NAME)";
				SWIFT_VERSION = 5.0;
				TARGETED_DEVICE_FAMILY = "1,2";
				TEST_HOST = "$(BUILT_PRODUCTS_DIR)/NEUGELBTask.app/NEUGELBTask";
			};
			name = Debug;
		};
		3AEFFCE523928B3C0097834D /* Release */ = {
			isa = XCBuildConfiguration;
			baseConfigurationReference = B9746E99B6A98DA1A94A20A7 /* Pods-NEUGELBTaskTests.release.xcconfig */;
			buildSettings = {
				ALWAYS_EMBED_SWIFT_STANDARD_LIBRARIES = YES;
				BUNDLE_LOADER = "$(TEST_HOST)";
				CODE_SIGN_STYLE = Automatic;
				DEVELOPMENT_TEAM = T5NW8Y83FV;
				INFOPLIST_FILE = NEUGELBTaskTests/Info.plist;
				IPHONEOS_DEPLOYMENT_TARGET = 13.2;
				LD_RUNPATH_SEARCH_PATHS = (
					"$(inherited)",
					"@executable_path/Frameworks",
					"@loader_path/Frameworks",
				);
				PRODUCT_BUNDLE_IDENTIFIER = NEUGELB.NEUGELBTaskTests;
				PRODUCT_NAME = "$(TARGET_NAME)";
				SWIFT_VERSION = 5.0;
				TARGETED_DEVICE_FAMILY = "1,2";
				TEST_HOST = "$(BUILT_PRODUCTS_DIR)/NEUGELBTask.app/NEUGELBTask";
			};
			name = Release;
		};
/* End XCBuildConfiguration section */

/* Begin XCConfigurationList section */
		3AEFFCBC23928B3A0097834D /* Build configuration list for PBXProject "NEUGELBTask" */ = {
			isa = XCConfigurationList;
			buildConfigurations = (
				3AEFFCDE23928B3C0097834D /* Debug */,
				3AEFFCDF23928B3C0097834D /* Release */,
			);
			defaultConfigurationIsVisible = 0;
			defaultConfigurationName = Release;
		};
		3AEFFCE023928B3C0097834D /* Build configuration list for PBXNativeTarget "NEUGELBTask" */ = {
			isa = XCConfigurationList;
			buildConfigurations = (
				3AEFFCE123928B3C0097834D /* Debug */,
				3AEFFCE223928B3C0097834D /* Release */,
			);
			defaultConfigurationIsVisible = 0;
			defaultConfigurationName = Release;
		};
		3AEFFCE323928B3C0097834D /* Build configuration list for PBXNativeTarget "NEUGELBTaskTests" */ = {
			isa = XCConfigurationList;
			buildConfigurations = (
				3AEFFCE423928B3C0097834D /* Debug */,
				3AEFFCE523928B3C0097834D /* Release */,
			);
			defaultConfigurationIsVisible = 0;
			defaultConfigurationName = Release;
		};
/* End XCConfigurationList section */
	};
	rootObject = 3AEFFCB923928B3A0097834D /* Project object */;
}
